<Solution>
  <Project Path="TipoDateTime1/TipoDateTime1.csproj" />
  <Project Path="TiposDeDados1/TiposDeDados1.csproj" />
  <Project Path="TiposDeDados2/TiposDeDados2.csproj" />
  <Project Path="TiposDeDados3/TiposDeDados3.csproj" />
  <Project Path="TiposDeDados4/TiposDeDados4.csproj" />
  <Project Path="TiposNullables1/TiposNullables1.csproj" />
</Solution>
